
Microsoft Visual Studio Solution File, Format Version 12.00
# Visual Studio Version 17
VisualStudioVersion = 17.3.32804.467
MinimumVisualStudioVersion = 10.0.40219.1
Project("{FAE04EC0-301F-11D3-BF4B-00C04F79EFBC}") = "MvcFilmesKubernetes", "MvcFilmesKubernetes\MvcFilmesKubernetes.csproj", "{7CF968D7-A534-4C3D-B6CF-AF43F144BF94}"
EndProject
Global
	GlobalSection(SolutionConfigurationPlatforms) = preSolution
		Debug|Any CPU = Debug|Any CPU
		Release|Any CPU = Release|Any CPU
	EndGlobalSection
	GlobalSection(ProjectConfigurationPlatforms) = postSolution
		{7CF968D7-A534-4C3D-B6CF-AF43F144BF94}.Debug|Any CPU.ActiveCfg = Debug|Any CPU
		{7CF968D7-A534-4C3D-B6CF-AF43F144BF94}.Debug|Any CPU.Build.0 = Debug|Any CPU
		{7CF968D7-A534-4C3D-B6CF-AF43F144BF94}.Release|Any CPU.ActiveCfg = Release|Any CPU
		{7CF968D7-A534-4C3D-B6CF-AF43F144BF94}.Release|Any CPU.Build.0 = Release|Any CPU
	EndGlobalSection
	GlobalSection(SolutionProperties) = preSolution
		HideSolutionNode = FALSE
	EndGlobalSection
	GlobalSection(ExtensibilityGlobals) = postSolution
		SolutionGuid = {48C41CFD-61AC-4576-87D7-6E69A71D6052}
	EndGlobalSection
EndGlobal
